
Microsoft Visual Studio Solution File, Format Version 12.00
# Visual Studio Version 17
VisualStudioVersion = 17.5.33516.290
MinimumVisualStudioVersion = 10.0.40219.1
Project("{9A19103F-16F7-4668-BE54-9A1E7A4F7556}") = "ConsoleApp.OutputDemo", "ConsoleApp.OutputDemo\ConsoleApp.OutputDemo.csproj", "{04C72430-6646-47CE-8638-A77D75CEABF8}"
EndProject
Project("{9A19103F-16F7-4668-BE54-9A1E7A4F7556}") = "ConsoleApp.VariablesDemo", "ConsoleApp.VariablesDemo\ConsoleApp.VariablesDemo.csproj", "{FD8886DB-26DE-4832-A60A-6434CFF76DB1}"
EndProject
Project("{9A19103F-16F7-4668-BE54-9A1E7A4F7556}") = "ConsoleApp.UserInputDemo", "ConsoleApp.UserInputDemo\ConsoleApp.UserInputDemo.csproj", "{7876B89C-A2F2-4EA5-981E-3EEC61D64FB2}"
EndProject
Project("{9A19103F-16F7-4668-BE54-9A1E7A4F7556}") = "ConsoleApp.Operators", "ConsoleApp.Operators\ConsoleApp.Operators.csproj", "{EC5241F2-7E7C-40C4-B04F-E20FC5AE4E10}"
EndProject
Project("{9A19103F-16F7-4668-BE54-9A1E7A4F7556}") = "ConsoleApp.ConditionsAndDecisions", "ConsoleApp.ConditionsAndDecisions\ConsoleApp.ConditionsAndDecisions.csproj", "{D44F786F-788D-4975-A360-7E3977EA0237}"
EndProject
Project("{9A19103F-16F7-4668-BE54-9A1E7A4F7556}") = "ConsoleApp.SampleCalculator", "ConsoleApp.SampleCalculator\ConsoleApp.SampleCalculator.csproj", "{704E4E95-B335-43E6-A1BD-A541407B3286}"
EndProject
Project("{9A19103F-16F7-4668-BE54-9A1E7A4F7556}") = "ConsoleApp.Loops", "ConsoleApp.Loops\ConsoleApp.Loops.csproj", "{57B628E1-7C79-47E5-9CBF-7EB70A8B58CB}"
EndProject
Project("{9A19103F-16F7-4668-BE54-9A1E7A4F7556}") = "ConsoleApp.ExceptionHandlingDemo", "ConsoleApp.ExceptionHandlingDemo\ConsoleApp.ExceptionHandlingDemo.csproj", "{9EA29C46-8551-4E72-81BE-6CF65F81181D}"
EndProject
Project("{9A19103F-16F7-4668-BE54-9A1E7A4F7556}") = "ConsoleApp.StringManipulation", "ConsoleApp.StringManipulation\ConsoleApp.StringManipulation.csproj", "{7DDCFAAE-EFE5-4AF4-8129-59A1BFE28271}"
EndProject
Project("{9A19103F-16F7-4668-BE54-9A1E7A4F7556}") = "ConsoleApp.DateTimeManipulation", "ConsoleApp.DateTimeManipulation\ConsoleApp.DateTimeManipulation.csproj", "{68DDA3E4-70D1-4AD5-A5B6-A474DECCAC40}"
EndProject
Project("{9A19103F-16F7-4668-BE54-9A1E7A4F7556}") = "ConsoleApp.Methods", "ConsoleApp.Methods\ConsoleApp.Methods.csproj", "{51D23D76-441C-4E2E-959A-92274730F7F3}"
EndProject
Project("{FAE04EC0-301F-11D3-BF4B-00C04F79EFBC}") = "ConsoleApp.Arrays", "ConsoleApp.Arrays\ConsoleApp.Arrays.csproj", "{FAC84B88-1AD8-4410-9762-4FABD71565EC}"
EndProject
Project("{FAE04EC0-301F-11D3-BF4B-00C04F79EFBC}") = "ConsoleApp.Lists", "ConsoleApp.Lists\ConsoleApp.Lists.csproj", "{0AD0D05E-45BC-48FD-B4FA-3D6906C7B5E1}"
EndProject
Project("{FAE04EC0-301F-11D3-BF4B-00C04F79EFBC}") = "ConsoleApp.ClassesDemo", "ConsoleApp.ClassesDemo\ConsoleApp.ClassesDemo.csproj", "{094AB047-538C-49E1-A1DA-B00153A951CD}"
EndProject
Global
	GlobalSection(SolutionConfigurationPlatforms) = preSolution
		Debug|Any CPU = Debug|Any CPU
		Release|Any CPU = Release|Any CPU
	EndGlobalSection
	GlobalSection(ProjectConfigurationPlatforms) = postSolution
		{04C72430-6646-47CE-8638-A77D75CEABF8}.Debug|Any CPU.ActiveCfg = Debug|Any CPU
		{04C72430-6646-47CE-8638-A77D75CEABF8}.Debug|Any CPU.Build.0 = Debug|Any CPU
		{04C72430-6646-47CE-8638-A77D75CEABF8}.Release|Any CPU.ActiveCfg = Release|Any CPU
		{04C72430-6646-47CE-8638-A77D75CEABF8}.Release|Any CPU.Build.0 = Release|Any CPU
		{FD8886DB-26DE-4832-A60A-6434CFF76DB1}.Debug|Any CPU.ActiveCfg = Debug|Any CPU
		{FD8886DB-26DE-4832-A60A-6434CFF76DB1}.Debug|Any CPU.Build.0 = Debug|Any CPU
		{FD8886DB-26DE-4832-A60A-6434CFF76DB1}.Release|Any CPU.ActiveCfg = Release|Any CPU
		{FD8886DB-26DE-4832-A60A-6434CFF76DB1}.Release|Any CPU.Build.0 = Release|Any CPU
		{7876B89C-A2F2-4EA5-981E-3EEC61D64FB2}.Debug|Any CPU.ActiveCfg = Debug|Any CPU
		{7876B89C-A2F2-4EA5-981E-3EEC61D64FB2}.Debug|Any CPU.Build.0 = Debug|Any CPU
		{7876B89C-A2F2-4EA5-981E-3EEC61D64FB2}.Release|Any CPU.ActiveCfg = Release|Any CPU
		{7876B89C-A2F2-4EA5-981E-3EEC61D64FB2}.Release|Any CPU.Build.0 = Release|Any CPU
		{EC5241F2-7E7C-40C4-B04F-E20FC5AE4E10}.Debug|Any CPU.ActiveCfg = Debug|Any CPU
		{EC5241F2-7E7C-40C4-B04F-E20FC5AE4E10}.Debug|Any CPU.Build.0 = Debug|Any CPU
		{EC5241F2-7E7C-40C4-B04F-E20FC5AE4E10}.Release|Any CPU.ActiveCfg = Release|Any CPU
		{EC5241F2-7E7C-40C4-B04F-E20FC5AE4E10}.Release|Any CPU.Build.0 = Release|Any CPU
		{D44F786F-788D-4975-A360-7E3977EA0237}.Debug|Any CPU.ActiveCfg = Debug|Any CPU
		{D44F786F-788D-4975-A360-7E3977EA0237}.Debug|Any CPU.Build.0 = Debug|Any CPU
		{D44F786F-788D-4975-A360-7E3977EA0237}.Release|Any CPU.ActiveCfg = Release|Any CPU
		{D44F786F-788D-4975-A360-7E3977EA0237}.Release|Any CPU.Build.0 = Release|Any CPU
		{704E4E95-B335-43E6-A1BD-A541407B3286}.Debug|Any CPU.ActiveCfg = Debug|Any CPU
		{704E4E95-B335-43E6-A1BD-A541407B3286}.Debug|Any CPU.Build.0 = Debug|Any CPU
		{704E4E95-B335-43E6-A1BD-A541407B3286}.Release|Any CPU.ActiveCfg = Release|Any CPU
		{704E4E95-B335-43E6-A1BD-A541407B3286}.Release|Any CPU.Build.0 = Release|Any CPU
		{57B628E1-7C79-47E5-9CBF-7EB70A8B58CB}.Debug|Any CPU.ActiveCfg = Debug|Any CPU
		{57B628E1-7C79-47E5-9CBF-7EB70A8B58CB}.Debug|Any CPU.Build.0 = Debug|Any CPU
		{57B628E1-7C79-47E5-9CBF-7EB70A8B58CB}.Release|Any CPU.ActiveCfg = Release|Any CPU
		{57B628E1-7C79-47E5-9CBF-7EB70A8B58CB}.Release|Any CPU.Build.0 = Release|Any CPU
		{9EA29C46-8551-4E72-81BE-6CF65F81181D}.Debug|Any CPU.ActiveCfg = Debug|Any CPU
		{9EA29C46-8551-4E72-81BE-6CF65F81181D}.Debug|Any CPU.Build.0 = Debug|Any CPU
		{9EA29C46-8551-4E72-81BE-6CF65F81181D}.Release|Any CPU.ActiveCfg = Release|Any CPU
		{9EA29C46-8551-4E72-81BE-6CF65F81181D}.Release|Any CPU.Build.0 = Release|Any CPU
		{7DDCFAAE-EFE5-4AF4-8129-59A1BFE28271}.Debug|Any CPU.ActiveCfg = Debug|Any CPU
		{7DDCFAAE-EFE5-4AF4-8129-59A1BFE28271}.Debug|Any CPU.Build.0 = Debug|Any CPU
		{7DDCFAAE-EFE5-4AF4-8129-59A1BFE28271}.Release|Any CPU.ActiveCfg = Release|Any CPU
		{7DDCFAAE-EFE5-4AF4-8129-59A1BFE28271}.Release|Any CPU.Build.0 = Release|Any CPU
		{68DDA3E4-70D1-4AD5-A5B6-A474DECCAC40}.Debug|Any CPU.ActiveCfg = Debug|Any CPU
		{68DDA3E4-70D1-4AD5-A5B6-A474DECCAC40}.Debug|Any CPU.Build.0 = Debug|Any CPU
		{68DDA3E4-70D1-4AD5-A5B6-A474DECCAC40}.Release|Any CPU.ActiveCfg = Release|Any CPU
		{68DDA3E4-70D1-4AD5-A5B6-A474DECCAC40}.Release|Any CPU.Build.0 = Release|Any CPU
		{51D23D76-441C-4E2E-959A-92274730F7F3}.Debug|Any CPU.ActiveCfg = Debug|Any CPU
		{51D23D76-441C-4E2E-959A-92274730F7F3}.Debug|Any CPU.Build.0 = Debug|Any CPU
		{51D23D76-441C-4E2E-959A-92274730F7F3}.Release|Any CPU.ActiveCfg = Release|Any CPU
		{51D23D76-441C-4E2E-959A-92274730F7F3}.Release|Any CPU.Build.0 = Release|Any CPU
		{FAC84B88-1AD8-4410-9762-4FABD71565EC}.Debug|Any CPU.ActiveCfg = Debug|Any CPU
		{FAC84B88-1AD8-4410-9762-4FABD71565EC}.Debug|Any CPU.Build.0 = Debug|Any CPU
		{FAC84B88-1AD8-4410-9762-4FABD71565EC}.Release|Any CPU.ActiveCfg = Release|Any CPU
		{FAC84B88-1AD8-4410-9762-4FABD71565EC}.Release|Any CPU.Build.0 = Release|Any CPU
		{0AD0D05E-45BC-48FD-B4FA-3D6906C7B5E1}.Debug|Any CPU.ActiveCfg = Debug|Any CPU
		{0AD0D05E-45BC-48FD-B4FA-3D6906C7B5E1}.Debug|Any CPU.Build.0 = Debug|Any CPU
		{0AD0D05E-45BC-48FD-B4FA-3D6906C7B5E1}.Release|Any CPU.ActiveCfg = Release|Any CPU
		{0AD0D05E-45BC-48FD-B4FA-3D6906C7B5E1}.Release|Any CPU.Build.0 = Release|Any CPU
		{094AB047-538C-49E1-A1DA-B00153A951CD}.Debug|Any CPU.ActiveCfg = Debug|Any CPU
		{094AB047-538C-49E1-A1DA-B00153A951CD}.Debug|Any CPU.Build.0 = Debug|Any CPU
		{094AB047-538C-49E1-A1DA-B00153A951CD}.Release|Any CPU.ActiveCfg = Release|Any CPU
		{094AB047-538C-49E1-A1DA-B00153A951CD}.Release|Any CPU.Build.0 = Release|Any CPU
	EndGlobalSection
	GlobalSection(SolutionProperties) = preSolution
		HideSolutionNode = FALSE
	EndGlobalSection
	GlobalSection(ExtensibilityGlobals) = postSolution
		SolutionGuid = {935C3246-D941-4BA4-B70F-262C5454B49C}
	EndGlobalSection
EndGlobal
