
Microsoft Visual Studio Solution File, Format Version 12.00
# Visual Studio Version 17
VisualStudioVersion = 17.5.33516.290
MinimumVisualStudioVersion = 10.0.40219.1
Project("{FAE04EC0-301F-11D3-BF4B-00C04F79EFBC}") = "ConsoleApp.OutputDemo", "ConsoleApp.OutputDemo\ConsoleApp.OutputDemo.csproj", "{04C72430-6646-47CE-8638-A77D75CEABF8}"
EndProject
Project("{FAE04EC0-301F-11D3-BF4B-00C04F79EFBC}") = "ConsoleApp.VariablesDemo", "ConsoleApp.VariablesDemo\ConsoleApp.VariablesDemo.csproj", "{FD8886DB-26DE-4832-A60A-6434CFF76DB1}"
EndProject
Project("{FAE04EC0-301F-11D3-BF4B-00C04F79EFBC}") = "ConsoleApp.UserInputDemo", "ConsoleApp.UserInputDemo\ConsoleApp.UserInputDemo.csproj", "{7876B89C-A2F2-4EA5-981E-3EEC61D64FB2}"
EndProject
Project("{FAE04EC0-301F-11D3-BF4B-00C04F79EFBC}") = "ConsoleApp.Operators", "ConsoleApp.Operators\ConsoleApp.Operators.csproj", "{EC5241F2-7E7C-40C4-B04F-E20FC5AE4E10}"
EndProject
Global
	GlobalSection(SolutionConfigurationPlatforms) = preSolution
		Debug|Any CPU = Debug|Any CPU
		Release|Any CPU = Release|Any CPU
	EndGlobalSection
	GlobalSection(ProjectConfigurationPlatforms) = postSolution
		{04C72430-6646-47CE-8638-A77D75CEABF8}.Debug|Any CPU.ActiveCfg = Debug|Any CPU
		{04C72430-6646-47CE-8638-A77D75CEABF8}.Debug|Any CPU.Build.0 = Debug|Any CPU
		{04C72430-6646-47CE-8638-A77D75CEABF8}.Release|Any CPU.ActiveCfg = Release|Any CPU
		{04C72430-6646-47CE-8638-A77D75CEABF8}.Release|Any CPU.Build.0 = Release|Any CPU
		{FD8886DB-26DE-4832-A60A-6434CFF76DB1}.Debug|Any CPU.ActiveCfg = Debug|Any CPU
		{FD8886DB-26DE-4832-A60A-6434CFF76DB1}.Debug|Any CPU.Build.0 = Debug|Any CPU
		{FD8886DB-26DE-4832-A60A-6434CFF76DB1}.Release|Any CPU.ActiveCfg = Release|Any CPU
		{FD8886DB-26DE-4832-A60A-6434CFF76DB1}.Release|Any CPU.Build.0 = Release|Any CPU
		{7876B89C-A2F2-4EA5-981E-3EEC61D64FB2}.Debug|Any CPU.ActiveCfg = Debug|Any CPU
		{7876B89C-A2F2-4EA5-981E-3EEC61D64FB2}.Debug|Any CPU.Build.0 = Debug|Any CPU
		{7876B89C-A2F2-4EA5-981E-3EEC61D64FB2}.Release|Any CPU.ActiveCfg = Release|Any CPU
		{7876B89C-A2F2-4EA5-981E-3EEC61D64FB2}.Release|Any CPU.Build.0 = Release|Any CPU
		{EC5241F2-7E7C-40C4-B04F-E20FC5AE4E10}.Debug|Any CPU.ActiveCfg = Debug|Any CPU
		{EC5241F2-7E7C-40C4-B04F-E20FC5AE4E10}.Debug|Any CPU.Build.0 = Debug|Any CPU
		{EC5241F2-7E7C-40C4-B04F-E20FC5AE4E10}.Release|Any CPU.ActiveCfg = Release|Any CPU
		{EC5241F2-7E7C-40C4-B04F-E20FC5AE4E10}.Release|Any CPU.Build.0 = Release|Any CPU
	EndGlobalSection
	GlobalSection(SolutionProperties) = preSolution
		HideSolutionNode = FALSE
	EndGlobalSection
	GlobalSection(ExtensibilityGlobals) = postSolution
		SolutionGuid = {935C3246-D941-4BA4-B70F-262C5454B49C}
	EndGlobalSection
EndGlobal
